
Microsoft Visual Studio Solution File, Format Version 12.00
# Visual Studio Version 17
VisualStudioVersion = 17.4.33205.214
MinimumVisualStudioVersion = 10.0.40219.1
Project("{9A19103F-16F7-4668-BE54-9A1E7A4F7556}") = "DragNDropDesigner", "DragNDropDesigner.csproj", "{F6CE7D1E-6E43-4BBD-A4FE-45B7BAFF3477}"
EndProject
Global
	GlobalSection(SolutionConfigurationPlatforms) = preSolution
		Debug|Any CPU = Debug|Any CPU
		Release|Any CPU = Release|Any CPU
	EndGlobalSection
	GlobalSection(ProjectConfigurationPlatforms) = postSolution
		{F6CE7D1E-6E43-4BBD-A4FE-45B7BAFF3477}.Debug|Any CPU.ActiveCfg = Debug|Any CPU
		{F6CE7D1E-6E43-4BBD-A4FE-45B7BAFF3477}.Debug|Any CPU.Build.0 = Debug|Any CPU
		{F6CE7D1E-6E43-4BBD-A4FE-45B7BAFF3477}.Release|Any CPU.ActiveCfg = Release|Any CPU
		{F6CE7D1E-6E43-4BBD-A4FE-45B7BAFF3477}.Release|Any CPU.Build.0 = Release|Any CPU
	EndGlobalSection
	GlobalSection(SolutionProperties) = preSolution
		HideSolutionNode = FALSE
	EndGlobalSection
	GlobalSection(ExtensibilityGlobals) = postSolution
		SolutionGuid = {DF21C45B-DC3C-4C47-B881-47D2DD436E7A}
	EndGlobalSection
EndGlobal
